// !$*UTF8*$!
{
	archiveVersion = 1;
	classes = {
	};
	objectVersion = 56;
	objects = {

/* Begin PBXBuildFile section */
		757B4EA32B3F4E0500F4510D /* AppDelegate.swift in Sources */ = {isa = PBXBuildFile; fileRef = 757B4EA22B3F4E0500F4510D /* AppDelegate.swift */; };
		757B4EA52B3F4E0500F4510D /* SceneDelegate.swift in Sources */ = {isa = PBXBuildFile; fileRef = 757B4EA42B3F4E0500F4510D /* SceneDelegate.swift */; };
		757B4EA72B3F4E0500F4510D /* ViewController.swift in Sources */ = {isa = PBXBuildFile; fileRef = 757B4EA62B3F4E0500F4510D /* ViewController.swift */; };
		757B4EAA2B3F4E0500F4510D /* Main.storyboard in Resources */ = {isa = PBXBuildFile; fileRef = 757B4EA82B3F4E0500F4510D /* Main.storyboard */; };
		757B4EAC2B3F4E0600F4510D /* Assets.xcassets in Resources */ = {isa = PBXBuildFile; fileRef = 757B4EAB2B3F4E0600F4510D /* Assets.xcassets */; };
		757B4EAF2B3F4E0600F4510D /* LaunchScreen.storyboard in Resources */ = {isa = PBXBuildFile; fileRef = 757B4EAD2B3F4E0600F4510D /* LaunchScreen.storyboard */; };
		757B4EC12B3F4E1200F4510D /* nssl0049.jpg in Resources */ = {isa = PBXBuildFile; fileRef = 757B4EB72B3F4E1200F4510D /* nssl0049.jpg */; };
		757B4EC22B3F4E1200F4510D /* nssl0046.jpg in Resources */ = {isa = PBXBuildFile; fileRef = 757B4EB82B3F4E1200F4510D /* nssl0046.jpg */; };
		757B4EC32B3F4E1200F4510D /* nssl0091.jpg in Resources */ = {isa = PBXBuildFile; fileRef = 757B4EB92B3F4E1200F4510D /* nssl0091.jpg */; };
		757B4EC42B3F4E1200F4510D /* nssl0045.jpg in Resources */ = {isa = PBXBuildFile; fileRef = 757B4EBA2B3F4E1200F4510D /* nssl0045.jpg */; };
		757B4EC52B3F4E1200F4510D /* nssl0051.jpg in Resources */ = {isa = PBXBuildFile; fileRef = 757B4EBB2B3F4E1200F4510D /* nssl0051.jpg */; };
		757B4EC62B3F4E1200F4510D /* nssl0041.jpg in Resources */ = {isa = PBXBuildFile; fileRef = 757B4EBC2B3F4E1200F4510D /* nssl0041.jpg */; };
		757B4EC72B3F4E1200F4510D /* nssl0042.jpg in Resources */ = {isa = PBXBuildFile; fileRef = 757B4EBD2B3F4E1200F4510D /* nssl0042.jpg */; };
		757B4EC82B3F4E1200F4510D /* nssl0043.jpg in Resources */ = {isa = PBXBuildFile; fileRef = 757B4EBE2B3F4E1200F4510D /* nssl0043.jpg */; };
		757B4EC92B3F4E1200F4510D /* nssl0033.jpg in Resources */ = {isa = PBXBuildFile; fileRef = 757B4EBF2B3F4E1200F4510D /* nssl0033.jpg */; };
		757B4ECA2B3F4E1200F4510D /* nssl0034.jpg in Resources */ = {isa = PBXBuildFile; fileRef = 757B4EC02B3F4E1200F4510D /* nssl0034.jpg */; };
/* End PBXBuildFile section */

/* Begin PBXFileReference section */
		757B4E9F2B3F4E0500F4510D /* Project1.app */ = {isa = PBXFileReference; explicitFileType = wrapper.application; includeInIndex = 0; path = Project1.app; sourceTree = BUILT_PRODUCTS_DIR; };
		757B4EA22B3F4E0500F4510D /* AppDelegate.swift */ = {isa = PBXFileReference; lastKnownFileType = sourcecode.swift; path = AppDelegate.swift; sourceTree = "<group>"; };
		757B4EA42B3F4E0500F4510D /* SceneDelegate.swift */ = {isa = PBXFileReference; lastKnownFileType = sourcecode.swift; path = SceneDelegate.swift; sourceTree = "<group>"; };
		757B4EA62B3F4E0500F4510D /* ViewController.swift */ = {isa = PBXFileReference; lastKnownFileType = sourcecode.swift; path = ViewController.swift; sourceTree = "<group>"; };
		757B4EA92B3F4E0500F4510D /* Base */ = {isa = PBXFileReference; lastKnownFileType = file.storyboard; name = Base; path = Base.lproj/Main.storyboard; sourceTree = "<group>"; };
		757B4EAB2B3F4E0600F4510D /* Assets.xcassets */ = {isa = PBXFileReference; lastKnownFileType = folder.assetcatalog; path = Assets.xcassets; sourceTree = "<group>"; };
		757B4EAE2B3F4E0600F4510D /* Base */ = {isa = PBXFileReference; lastKnownFileType = file.storyboard; name = Base; path = Base.lproj/LaunchScreen.storyboard; sourceTree = "<group>"; };
		757B4EB02B3F4E0600F4510D /* Info.plist */ = {isa = PBXFileReference; lastKnownFileType = text.plist.xml; path = Info.plist; sourceTree = "<group>"; };
		757B4EB72B3F4E1200F4510D /* nssl0049.jpg */ = {isa = PBXFileReference; lastKnownFileType = image.jpeg; path = nssl0049.jpg; sourceTree = "<group>"; };
		757B4EB82B3F4E1200F4510D /* nssl0046.jpg */ = {isa = PBXFileReference; lastKnownFileType = image.jpeg; path = nssl0046.jpg; sourceTree = "<group>"; };
		757B4EB92B3F4E1200F4510D /* nssl0091.jpg */ = {isa = PBXFileReference; lastKnownFileType = image.jpeg; path = nssl0091.jpg; sourceTree = "<group>"; };
		757B4EBA2B3F4E1200F4510D /* nssl0045.jpg */ = {isa = PBXFileReference; lastKnownFileType = image.jpeg; path = nssl0045.jpg; sourceTree = "<group>"; };
		757B4EBB2B3F4E1200F4510D /* nssl0051.jpg */ = {isa = PBXFileReference; lastKnownFileType = image.jpeg; path = nssl0051.jpg; sourceTree = "<group>"; };
		757B4EBC2B3F4E1200F4510D /* nssl0041.jpg */ = {isa = PBXFileReference; lastKnownFileType = image.jpeg; path = nssl0041.jpg; sourceTree = "<group>"; };
		757B4EBD2B3F4E1200F4510D /* nssl0042.jpg */ = {isa = PBXFileReference; lastKnownFileType = image.jpeg; path = nssl0042.jpg; sourceTree = "<group>"; };
		757B4EBE2B3F4E1200F4510D /* nssl0043.jpg */ = {isa = PBXFileReference; lastKnownFileType = image.jpeg; path = nssl0043.jpg; sourceTree = "<group>"; };
		757B4EBF2B3F4E1200F4510D /* nssl0033.jpg */ = {isa = PBXFileReference; lastKnownFileType = image.jpeg; path = nssl0033.jpg; sourceTree = "<group>"; };
		757B4EC02B3F4E1200F4510D /* nssl0034.jpg */ = {isa = PBXFileReference; lastKnownFileType = image.jpeg; path = nssl0034.jpg; sourceTree = "<group>"; };
/* End PBXFileReference section */

/* Begin PBXFrameworksBuildPhase section */
		757B4E9C2B3F4E0500F4510D /* Frameworks */ = {
			isa = PBXFrameworksBuildPhase;
			buildActionMask = 2147483647;
			files = (
			);
			runOnlyForDeploymentPostprocessing = 0;
		};
/* End PBXFrameworksBuildPhase section */

/* Begin PBXGroup section */
		757B4E962B3F4E0500F4510D = {
			isa = PBXGroup;
			children = (
				757B4EA12B3F4E0500F4510D /* Project1 */,
				757B4EA02B3F4E0500F4510D /* Products */,
			);
			sourceTree = "<group>";
		};
		757B4EA02B3F4E0500F4510D /* Products */ = {
			isa = PBXGroup;
			children = (
				757B4E9F2B3F4E0500F4510D /* Project1.app */,
			);
			name = Products;
			sourceTree = "<group>";
		};
		757B4EA12B3F4E0500F4510D /* Project1 */ = {
			isa = PBXGroup;
			children = (
				757B4EA22B3F4E0500F4510D /* AppDelegate.swift */,
				757B4EA42B3F4E0500F4510D /* SceneDelegate.swift */,
				757B4EA62B3F4E0500F4510D /* ViewController.swift */,
				757B4EA82B3F4E0500F4510D /* Main.storyboard */,
				757B4EAB2B3F4E0600F4510D /* Assets.xcassets */,
				757B4EAD2B3F4E0600F4510D /* LaunchScreen.storyboard */,
				757B4EB02B3F4E0600F4510D /* Info.plist */,
				757B4EB62B3F4E1200F4510D /* Content */,
			);
			path = Project1;
			sourceTree = "<group>";
		};
		757B4EB62B3F4E1200F4510D /* Content */ = {
			isa = PBXGroup;
			children = (
				757B4EB72B3F4E1200F4510D /* nssl0049.jpg */,
				757B4EB82B3F4E1200F4510D /* nssl0046.jpg */,
				757B4EB92B3F4E1200F4510D /* nssl0091.jpg */,
				757B4EBA2B3F4E1200F4510D /* nssl0045.jpg */,
				757B4EBB2B3F4E1200F4510D /* nssl0051.jpg */,
				757B4EBC2B3F4E1200F4510D /* nssl0041.jpg */,
				757B4EBD2B3F4E1200F4510D /* nssl0042.jpg */,
				757B4EBE2B3F4E1200F4510D /* nssl0043.jpg */,
				757B4EBF2B3F4E1200F4510D /* nssl0033.jpg */,
				757B4EC02B3F4E1200F4510D /* nssl0034.jpg */,
			);
			path = Content;
			sourceTree = "<group>";
		};
/* End PBXGroup section */

/* Begin PBXNativeTarget section */
		757B4E9E2B3F4E0500F4510D /* Project1 */ = {
			isa = PBXNativeTarget;
			buildConfigurationList = 757B4EB32B3F4E0600F4510D /* Build configuration list for PBXNativeTarget "Project1" */;
			buildPhases = (
				757B4E9B2B3F4E0500F4510D /* Sources */,
				757B4E9C2B3F4E0500F4510D /* Frameworks */,
				757B4E9D2B3F4E0500F4510D /* Resources */,
			);
			buildRules = (
			);
			dependencies = (
			);
			name = Project1;
			productName = Project1;
			productReference = 757B4E9F2B3F4E0500F4510D /* Project1.app */;
			productType = "com.apple.product-type.application";
		};
/* End PBXNativeTarget section */

/* Begin PBXProject section */
		757B4E972B3F4E0500F4510D /* Project object */ = {
			isa = PBXProject;
			attributes = {
				BuildIndependentTargetsInParallel = 1;
				LastSwiftUpdateCheck = 1500;
				LastUpgradeCheck = 1500;
				TargetAttributes = {
					757B4E9E2B3F4E0500F4510D = {
						CreatedOnToolsVersion = 15.0.1;
					};
				};
			};
			buildConfigurationList = 757B4E9A2B3F4E0500F4510D /* Build configuration list for PBXProject "Project1" */;
			compatibilityVersion = "Xcode 14.0";
			developmentRegion = en;
			hasScannedForEncodings = 0;
			knownRegions = (
				en,
				Base,
			);
			mainGroup = 757B4E962B3F4E0500F4510D;
			productRefGroup = 757B4EA02B3F4E0500F4510D /* Products */;
			projectDirPath = "";
			projectRoot = "";
			targets = (
				757B4E9E2B3F4E0500F4510D /* Project1 */,
			);
		};
/* End PBXProject section */

/* Begin PBXResourcesBuildPhase section */
		757B4E9D2B3F4E0500F4510D /* Resources */ = {
			isa = PBXResourcesBuildPhase;
			buildActionMask = 2147483647;
			files = (
				757B4EC22B3F4E1200F4510D /* nssl0046.jpg in Resources */,
				757B4EC92B3F4E1200F4510D /* nssl0033.jpg in Resources */,
				757B4EC52B3F4E1200F4510D /* nssl0051.jpg in Resources */,
				757B4EC32B3F4E1200F4510D /* nssl0091.jpg in Resources */,
				757B4EC82B3F4E1200F4510D /* nssl0043.jpg in Resources */,
				757B4ECA2B3F4E1200F4510D /* nssl0034.jpg in Resources */,
				757B4EC12B3F4E1200F4510D /* nssl0049.jpg in Resources */,
				757B4EC62B3F4E1200F4510D /* nssl0041.jpg in Resources */,
				757B4EC72B3F4E1200F4510D /* nssl0042.jpg in Resources */,
				757B4EAF2B3F4E0600F4510D /* LaunchScreen.storyboard in Resources */,
				757B4EAC2B3F4E0600F4510D /* Assets.xcassets in Resources */,
				757B4EC42B3F4E1200F4510D /* nssl0045.jpg in Resources */,
				757B4EAA2B3F4E0500F4510D /* Main.storyboard in Resources */,
			);
			runOnlyForDeploymentPostprocessing = 0;
		};
/* End PBXResourcesBuildPhase section */

/* Begin PBXSourcesBuildPhase section */
		757B4E9B2B3F4E0500F4510D /* Sources */ = {
			isa = PBXSourcesBuildPhase;
			buildActionMask = 2147483647;
			files = (
				757B4EA72B3F4E0500F4510D /* ViewController.swift in Sources */,
				757B4EA32B3F4E0500F4510D /* AppDelegate.swift in Sources */,
				757B4EA52B3F4E0500F4510D /* SceneDelegate.swift in Sources */,
			);
			runOnlyForDeploymentPostprocessing = 0;
		};
/* End PBXSourcesBuildPhase section */

/* Begin PBXVariantGroup section */
		757B4EA82B3F4E0500F4510D /* Main.storyboard */ = {
			isa = PBXVariantGroup;
			children = (
				757B4EA92B3F4E0500F4510D /* Base */,
			);
			name = Main.storyboard;
			sourceTree = "<group>";
		};
		757B4EAD2B3F4E0600F4510D /* LaunchScreen.storyboard */ = {
			isa = PBXVariantGroup;
			children = (
				757B4EAE2B3F4E0600F4510D /* Base */,
			);
			name = LaunchScreen.storyboard;
			sourceTree = "<group>";
		};
/* End PBXVariantGroup section */

/* Begin XCBuildConfiguration section */
		757B4EB12B3F4E0600F4510D /* Debug */ = {
			isa = XCBuildConfiguration;
			buildSettings = {
				ALWAYS_SEARCH_USER_PATHS = NO;
				ASSETCATALOG_COMPILER_GENERATE_SWIFT_ASSET_SYMBOL_EXTENSIONS = YES;
				CLANG_ANALYZER_NONNULL = YES;
				CLANG_ANALYZER_NUMBER_OBJECT_CONVERSION = YES_AGGRESSIVE;
				CLANG_CXX_LANGUAGE_STANDARD = "gnu++20";
				CLANG_ENABLE_MODULES = YES;
				CLANG_ENABLE_OBJC_ARC = YES;
				CLANG_ENABLE_OBJC_WEAK = YES;
				CLANG_WARN_BLOCK_CAPTURE_AUTORELEASING = YES;
				CLANG_WARN_BOOL_CONVERSION = YES;
				CLANG_WARN_COMMA = YES;
				CLANG_WARN_CONSTANT_CONVERSION = YES;
				CLANG_WARN_DEPRECATED_OBJC_IMPLEMENTATIONS = YES;
				CLANG_WARN_DIRECT_OBJC_ISA_USAGE = YES_ERROR;
				CLANG_WARN_DOCUMENTATION_COMMENTS = YES;
				CLANG_WARN_EMPTY_BODY = YES;
				CLANG_WARN_ENUM_CONVERSION = YES;
				CLANG_WARN_INFINITE_RECURSION = YES;
				CLANG_WARN_INT_CONVERSION = YES;
				CLANG_WARN_NON_LITERAL_NULL_CONVERSION = YES;
				CLANG_WARN_OBJC_IMPLICIT_RETAIN_SELF = YES;
				CLANG_WARN_OBJC_LITERAL_CONVERSION = YES;
				CLANG_WARN_OBJC_ROOT_CLASS = YES_ERROR;
				CLANG_WARN_QUOTED_INCLUDE_IN_FRAMEWORK_HEADER = YES;
				CLANG_WARN_RANGE_LOOP_ANALYSIS = YES;
				CLANG_WARN_STRICT_PROTOTYPES = YES;
				CLANG_WARN_SUSPICIOUS_MOVE = YES;
				CLANG_WARN_UNGUARDED_AVAILABILITY = YES_AGGRESSIVE;
				CLANG_WARN_UNREACHABLE_CODE = YES;
				CLANG_WARN__DUPLICATE_METHOD_MATCH = YES;
				COPY_PHASE_STRIP = NO;
				DEBUG_INFORMATION_FORMAT = dwarf;
				ENABLE_STRICT_OBJC_MSGSEND = YES;
				ENABLE_TESTABILITY = YES;
				ENABLE_USER_SCRIPT_SANDBOXING = YES;
				GCC_C_LANGUAGE_STANDARD = gnu17;
				GCC_DYNAMIC_NO_PIC = NO;
				GCC_NO_COMMON_BLOCKS = YES;
				GCC_OPTIMIZATION_LEVEL = 0;
				GCC_PREPROCESSOR_DEFINITIONS = (
					"DEBUG=1",
					"$(inherited)",
				);
				GCC_WARN_64_TO_32_BIT_CONVERSION = YES;
				GCC_WARN_ABOUT_RETURN_TYPE = YES_ERROR;
				GCC_WARN_UNDECLARED_SELECTOR = YES;
				GCC_WARN_UNINITIALIZED_AUTOS = YES_AGGRESSIVE;
				GCC_WARN_UNUSED_FUNCTION = YES;
				GCC_WARN_UNUSED_VARIABLE = YES;
				IPHONEOS_DEPLOYMENT_TARGET = 17.0;
				LOCALIZATION_PREFERS_STRING_CATALOGS = YES;
				MTL_ENABLE_DEBUG_INFO = INCLUDE_SOURCE;
				MTL_FAST_MATH = YES;
				ONLY_ACTIVE_ARCH = YES;
				SDKROOT = iphoneos;
				SWIFT_ACTIVE_COMPILATION_CONDITIONS = "DEBUG $(inherited)";
				SWIFT_OPTIMIZATION_LEVEL = "-Onone";
			};
			name = Debug;
		};
		757B4EB22B3F4E0600F4510D /* Release */ = {
			isa = XCBuildConfiguration;
			buildSettings = {
				ALWAYS_SEARCH_USER_PATHS = NO;
				ASSETCATALOG_COMPILER_GENERATE_SWIFT_ASSET_SYMBOL_EXTENSIONS = YES;
				CLANG_ANALYZER_NONNULL = YES;
				CLANG_ANALYZER_NUMBER_OBJECT_CONVERSION = YES_AGGRESSIVE;
				CLANG_CXX_LANGUAGE_STANDARD = "gnu++20";
				CLANG_ENABLE_MODULES = YES;
				CLANG_ENABLE_OBJC_ARC = YES;
				CLANG_ENABLE_OBJC_WEAK = YES;
				CLANG_WARN_BLOCK_CAPTURE_AUTORELEASING = YES;
				CLANG_WARN_BOOL_CONVERSION = YES;
				CLANG_WARN_COMMA = YES;
				CLANG_WARN_CONSTANT_CONVERSION = YES;
				CLANG_WARN_DEPRECATED_OBJC_IMPLEMENTATIONS = YES;
				CLANG_WARN_DIRECT_OBJC_ISA_USAGE = YES_ERROR;
				CLANG_WARN_DOCUMENTATION_COMMENTS = YES;
				CLANG_WARN_EMPTY_BODY = YES;
				CLANG_WARN_ENUM_CONVERSION = YES;
				CLANG_WARN_INFINITE_RECURSION = YES;
				CLANG_WARN_INT_CONVERSION = YES;
				CLANG_WARN_NON_LITERAL_NULL_CONVERSION = YES;
				CLANG_WARN_OBJC_IMPLICIT_RETAIN_SELF = YES;
				CLANG_WARN_OBJC_LITERAL_CONVERSION = YES;
				CLANG_WARN_OBJC_ROOT_CLASS = YES_ERROR;
				CLANG_WARN_QUOTED_INCLUDE_IN_FRAMEWORK_HEADER = YES;
				CLANG_WARN_RANGE_LOOP_ANALYSIS = YES;
				CLANG_WARN_STRICT_PROTOTYPES = YES;
				CLANG_WARN_SUSPICIOUS_MOVE = YES;
				CLANG_WARN_UNGUARDED_AVAILABILITY = YES_AGGRESSIVE;
				CLANG_WARN_UNREACHABLE_CODE = YES;
				CLANG_WARN__DUPLICATE_METHOD_MATCH = YES;
				COPY_PHASE_STRIP = NO;
				DEBUG_INFORMATION_FORMAT = "dwarf-with-dsym";
				ENABLE_NS_ASSERTIONS = NO;
				ENABLE_STRICT_OBJC_MSGSEND = YES;
				ENABLE_USER_SCRIPT_SANDBOXING = YES;
				GCC_C_LANGUAGE_STANDARD = gnu17;
				GCC_NO_COMMON_BLOCKS = YES;
				GCC_WARN_64_TO_32_BIT_CONVERSION = YES;
				GCC_WARN_ABOUT_RETURN_TYPE = YES_ERROR;
				GCC_WARN_UNDECLARED_SELECTOR = YES;
				GCC_WARN_UNINITIALIZED_AUTOS = YES_AGGRESSIVE;
				GCC_WARN_UNUSED_FUNCTION = YES;
				GCC_WARN_UNUSED_VARIABLE = YES;
				IPHONEOS_DEPLOYMENT_TARGET = 17.0;
				LOCALIZATION_PREFERS_STRING_CATALOGS = YES;
				MTL_ENABLE_DEBUG_INFO = NO;
				MTL_FAST_MATH = YES;
				SDKROOT = iphoneos;
				SWIFT_COMPILATION_MODE = wholemodule;
				VALIDATE_PRODUCT = YES;
			};
			name = Release;
		};
		757B4EB42B3F4E0600F4510D /* Debug */ = {
			isa = XCBuildConfiguration;
			buildSettings = {
				ASSETCATALOG_COMPILER_APPICON_NAME = AppIcon;
				ASSETCATALOG_COMPILER_GLOBAL_ACCENT_COLOR_NAME = AccentColor;
				CODE_SIGN_STYLE = Automatic;
				CURRENT_PROJECT_VERSION = 1;
				DEVELOPMENT_TEAM = JMJM53PGNF;
				GENERATE_INFOPLIST_FILE = YES;
				INFOPLIST_FILE = Project1/Info.plist;
				INFOPLIST_KEY_UIApplicationSupportsIndirectInputEvents = YES;
				INFOPLIST_KEY_UILaunchStoryboardName = LaunchScreen;
				INFOPLIST_KEY_UIMainStoryboardFile = Main;
				INFOPLIST_KEY_UISupportedInterfaceOrientations_iPad = "UIInterfaceOrientationPortrait UIInterfaceOrientationPortraitUpsideDown UIInterfaceOrientationLandscapeLeft UIInterfaceOrientationLandscapeRight";
				INFOPLIST_KEY_UISupportedInterfaceOrientations_iPhone = "UIInterfaceOrientationPortrait UIInterfaceOrientationLandscapeLeft UIInterfaceOrientationLandscapeRight";
				LD_RUNPATH_SEARCH_PATHS = (
					"$(inherited)",
					"@executable_path/Frameworks",
				);
				MARKETING_VERSION = 1.0;
				PRODUCT_BUNDLE_IDENTIFIER = dev.ziterz.Project1;
				PRODUCT_NAME = "$(TARGET_NAME)";
				SWIFT_EMIT_LOC_STRINGS = YES;
				SWIFT_VERSION = 5.0;
				TARGETED_DEVICE_FAMILY = "1,2";
			};
			name = Debug;
		};
		757B4EB52B3F4E0600F4510D /* Release */ = {
			isa = XCBuildConfiguration;
			buildSettings = {
				ASSETCATALOG_COMPILER_APPICON_NAME = AppIcon;
				ASSETCATALOG_COMPILER_GLOBAL_ACCENT_COLOR_NAME = AccentColor;
				CODE_SIGN_STYLE = Automatic;
				CURRENT_PROJECT_VERSION = 1;
				DEVELOPMENT_TEAM = JMJM53PGNF;
				GENERATE_INFOPLIST_FILE = YES;
				INFOPLIST_FILE = Project1/Info.plist;
				INFOPLIST_KEY_UIApplicationSupportsIndirectInputEvents = YES;
				INFOPLIST_KEY_UILaunchStoryboardName = LaunchScreen;
				INFOPLIST_KEY_UIMainStoryboardFile = Main;
				INFOPLIST_KEY_UISupportedInterfaceOrientations_iPad = "UIInterfaceOrientationPortrait UIInterfaceOrientationPortraitUpsideDown UIInterfaceOrientationLandscapeLeft UIInterfaceOrientationLandscapeRight";
				INFOPLIST_KEY_UISupportedInterfaceOrientations_iPhone = "UIInterfaceOrientationPortrait UIInterfaceOrientationLandscapeLeft UIInterfaceOrientationLandscapeRight";
				LD_RUNPATH_SEARCH_PATHS = (
					"$(inherited)",
					"@executable_path/Frameworks",
				);
				MARKETING_VERSION = 1.0;
				PRODUCT_BUNDLE_IDENTIFIER = dev.ziterz.Project1;
				PRODUCT_NAME = "$(TARGET_NAME)";
				SWIFT_EMIT_LOC_STRINGS = YES;
				SWIFT_VERSION = 5.0;
				TARGETED_DEVICE_FAMILY = "1,2";
			};
			name = Release;
		};
/* End XCBuildConfiguration section */

/* Begin XCConfigurationList section */
		757B4E9A2B3F4E0500F4510D /* Build configuration list for PBXProject "Project1" */ = {
			isa = XCConfigurationList;
			buildConfigurations = (
				757B4EB12B3F4E0600F4510D /* Debug */,
				757B4EB22B3F4E0600F4510D /* Release */,
			);
			defaultConfigurationIsVisible = 0;
			defaultConfigurationName = Release;
		};
		757B4EB32B3F4E0600F4510D /* Build configuration list for PBXNativeTarget "Project1" */ = {
			isa = XCConfigurationList;
			buildConfigurations = (
				757B4EB42B3F4E0600F4510D /* Debug */,
				757B4EB52B3F4E0600F4510D /* Release */,
			);
			defaultConfigurationIsVisible = 0;
			defaultConfigurationName = Release;
		};
/* End XCConfigurationList section */
	};
	rootObject = 757B4E972B3F4E0500F4510D /* Project object */;
}
