// !$*UTF8*$!
{
	archiveVersion = 1;
	classes = {
	};
	objectVersion = 56;
	objects = {

/* Begin PBXBuildFile section */
		757C33472B4313F70065C370 /* AppDelegate.swift in Sources */ = {isa = PBXBuildFile; fileRef = 757C33462B4313F70065C370 /* AppDelegate.swift */; };
		757C33492B4313F70065C370 /* SceneDelegate.swift in Sources */ = {isa = PBXBuildFile; fileRef = 757C33482B4313F70065C370 /* SceneDelegate.swift */; };
		757C334B2B4313F70065C370 /* ViewController.swift in Sources */ = {isa = PBXBuildFile; fileRef = 757C334A2B4313F70065C370 /* ViewController.swift */; };
		757C334E2B4313F70065C370 /* Main.storyboard in Resources */ = {isa = PBXBuildFile; fileRef = 757C334C2B4313F70065C370 /* Main.storyboard */; };
		757C33502B4313F80065C370 /* Assets.xcassets in Resources */ = {isa = PBXBuildFile; fileRef = 757C334F2B4313F80065C370 /* Assets.xcassets */; };
		757C33532B4313F80065C370 /* LaunchScreen.storyboard in Resources */ = {isa = PBXBuildFile; fileRef = 757C33512B4313F80065C370 /* LaunchScreen.storyboard */; };
		757C33A82B431A4E0065C370 /* russia.png in Resources */ = {isa = PBXBuildFile; fileRef = 757C33962B431A4C0065C370 /* russia.png */; };
		757C33AA2B431A4E0065C370 /* monaco.png in Resources */ = {isa = PBXBuildFile; fileRef = 757C33982B431A4D0065C370 /* monaco.png */; };
		757C33AD2B431A4E0065C370 /* poland.png in Resources */ = {isa = PBXBuildFile; fileRef = 757C339B2B431A4D0065C370 /* poland.png */; };
		757C33AE2B431A4E0065C370 /* ireland.png in Resources */ = {isa = PBXBuildFile; fileRef = 757C339C2B431A4D0065C370 /* ireland.png */; };
		757C33AF2B431A4E0065C370 /* spain.png in Resources */ = {isa = PBXBuildFile; fileRef = 757C339D2B431A4D0065C370 /* spain.png */; };
		757C33B02B431A4E0065C370 /* us.png in Resources */ = {isa = PBXBuildFile; fileRef = 757C339E2B431A4D0065C370 /* us.png */; };
		757C33B22B431A4E0065C370 /* italy.png in Resources */ = {isa = PBXBuildFile; fileRef = 757C33A02B431A4D0065C370 /* italy.png */; };
		757C33B32B431A4E0065C370 /* nigeria.png in Resources */ = {isa = PBXBuildFile; fileRef = 757C33A12B431A4D0065C370 /* nigeria.png */; };
		757C33B52B431A4E0065C370 /* uk.png in Resources */ = {isa = PBXBuildFile; fileRef = 757C33A32B431A4D0065C370 /* uk.png */; };
		757C33BB2B431ADD0065C370 /* DetailViewController.swift in Sources */ = {isa = PBXBuildFile; fileRef = 757C33BA2B431ADD0065C370 /* DetailViewController.swift */; };
/* End PBXBuildFile section */

/* Begin PBXFileReference section */
		757C33432B4313F70065C370 /* Challenge1.app */ = {isa = PBXFileReference; explicitFileType = wrapper.application; includeInIndex = 0; path = Challenge1.app; sourceTree = BUILT_PRODUCTS_DIR; };
		757C33462B4313F70065C370 /* AppDelegate.swift */ = {isa = PBXFileReference; lastKnownFileType = sourcecode.swift; path = AppDelegate.swift; sourceTree = "<group>"; };
		757C33482B4313F70065C370 /* SceneDelegate.swift */ = {isa = PBXFileReference; lastKnownFileType = sourcecode.swift; path = SceneDelegate.swift; sourceTree = "<group>"; };
		757C334A2B4313F70065C370 /* ViewController.swift */ = {isa = PBXFileReference; lastKnownFileType = sourcecode.swift; path = ViewController.swift; sourceTree = "<group>"; };
		757C334D2B4313F70065C370 /* Base */ = {isa = PBXFileReference; lastKnownFileType = file.storyboard; name = Base; path = Base.lproj/Main.storyboard; sourceTree = "<group>"; };
		757C334F2B4313F80065C370 /* Assets.xcassets */ = {isa = PBXFileReference; lastKnownFileType = folder.assetcatalog; path = Assets.xcassets; sourceTree = "<group>"; };
		757C33522B4313F80065C370 /* Base */ = {isa = PBXFileReference; lastKnownFileType = file.storyboard; name = Base; path = Base.lproj/LaunchScreen.storyboard; sourceTree = "<group>"; };
		757C33542B4313F80065C370 /* Info.plist */ = {isa = PBXFileReference; lastKnownFileType = text.plist.xml; path = Info.plist; sourceTree = "<group>"; };
		757C33962B431A4C0065C370 /* russia.png */ = {isa = PBXFileReference; lastKnownFileType = image.png; path = russia.png; sourceTree = "<group>"; };
		757C33982B431A4D0065C370 /* monaco.png */ = {isa = PBXFileReference; lastKnownFileType = image.png; path = monaco.png; sourceTree = "<group>"; };
		757C339B2B431A4D0065C370 /* poland.png */ = {isa = PBXFileReference; lastKnownFileType = image.png; path = poland.png; sourceTree = "<group>"; };
		757C339C2B431A4D0065C370 /* ireland.png */ = {isa = PBXFileReference; lastKnownFileType = image.png; path = ireland.png; sourceTree = "<group>"; };
		757C339D2B431A4D0065C370 /* spain.png */ = {isa = PBXFileReference; lastKnownFileType = image.png; path = spain.png; sourceTree = "<group>"; };
		757C339E2B431A4D0065C370 /* us.png */ = {isa = PBXFileReference; lastKnownFileType = image.png; path = us.png; sourceTree = "<group>"; };
		757C33A02B431A4D0065C370 /* italy.png */ = {isa = PBXFileReference; lastKnownFileType = image.png; path = italy.png; sourceTree = "<group>"; };
		757C33A12B431A4D0065C370 /* nigeria.png */ = {isa = PBXFileReference; lastKnownFileType = image.png; path = nigeria.png; sourceTree = "<group>"; };
		757C33A32B431A4D0065C370 /* uk.png */ = {isa = PBXFileReference; lastKnownFileType = image.png; path = uk.png; sourceTree = "<group>"; };
		757C33BA2B431ADD0065C370 /* DetailViewController.swift */ = {isa = PBXFileReference; lastKnownFileType = sourcecode.swift; path = DetailViewController.swift; sourceTree = "<group>"; };
/* End PBXFileReference section */

/* Begin PBXFrameworksBuildPhase section */
		757C33402B4313F70065C370 /* Frameworks */ = {
			isa = PBXFrameworksBuildPhase;
			buildActionMask = 2147483647;
			files = (
			);
			runOnlyForDeploymentPostprocessing = 0;
		};
/* End PBXFrameworksBuildPhase section */

/* Begin PBXGroup section */
		757C333A2B4313F70065C370 = {
			isa = PBXGroup;
			children = (
				757C33452B4313F70065C370 /* Challenge1 */,
				757C33442B4313F70065C370 /* Products */,
			);
			sourceTree = "<group>";
		};
		757C33442B4313F70065C370 /* Products */ = {
			isa = PBXGroup;
			children = (
				757C33432B4313F70065C370 /* Challenge1.app */,
			);
			name = Products;
			sourceTree = "<group>";
		};
		757C33452B4313F70065C370 /* Challenge1 */ = {
			isa = PBXGroup;
			children = (
				757C33952B431A410065C370 /* Flags */,
				757C33462B4313F70065C370 /* AppDelegate.swift */,
				757C33482B4313F70065C370 /* SceneDelegate.swift */,
				757C334A2B4313F70065C370 /* ViewController.swift */,
				757C334C2B4313F70065C370 /* Main.storyboard */,
				757C33BA2B431ADD0065C370 /* DetailViewController.swift */,
				757C334F2B4313F80065C370 /* Assets.xcassets */,
				757C33512B4313F80065C370 /* LaunchScreen.storyboard */,
				757C33542B4313F80065C370 /* Info.plist */,
			);
			path = Challenge1;
			sourceTree = "<group>";
		};
		757C33952B431A410065C370 /* Flags */ = {
			isa = PBXGroup;
			children = (
				757C339C2B431A4D0065C370 /* ireland.png */,
				757C33A02B431A4D0065C370 /* italy.png */,
				757C33982B431A4D0065C370 /* monaco.png */,
				757C33A12B431A4D0065C370 /* nigeria.png */,
				757C339B2B431A4D0065C370 /* poland.png */,
				757C33962B431A4C0065C370 /* russia.png */,
				757C339D2B431A4D0065C370 /* spain.png */,
				757C33A32B431A4D0065C370 /* uk.png */,
				757C339E2B431A4D0065C370 /* us.png */,
			);
			path = Flags;
			sourceTree = "<group>";
		};
/* End PBXGroup section */

/* Begin PBXNativeTarget section */
		757C33422B4313F70065C370 /* Challenge1 */ = {
			isa = PBXNativeTarget;
			buildConfigurationList = 757C33572B4313F80065C370 /* Build configuration list for PBXNativeTarget "Challenge1" */;
			buildPhases = (
				757C333F2B4313F70065C370 /* Sources */,
				757C33402B4313F70065C370 /* Frameworks */,
				757C33412B4313F70065C370 /* Resources */,
			);
			buildRules = (
			);
			dependencies = (
			);
			name = Challenge1;
			productName = Challenge;
			productReference = 757C33432B4313F70065C370 /* Challenge1.app */;
			productType = "com.apple.product-type.application";
		};
/* End PBXNativeTarget section */

/* Begin PBXProject section */
		757C333B2B4313F70065C370 /* Project object */ = {
			isa = PBXProject;
			attributes = {
				BuildIndependentTargetsInParallel = 1;
				LastSwiftUpdateCheck = 1510;
				LastUpgradeCheck = 1510;
				TargetAttributes = {
					757C33422B4313F70065C370 = {
						CreatedOnToolsVersion = 15.1;
					};
				};
			};
			buildConfigurationList = 757C333E2B4313F70065C370 /* Build configuration list for PBXProject "Challenge1" */;
			compatibilityVersion = "Xcode 14.0";
			developmentRegion = en;
			hasScannedForEncodings = 0;
			knownRegions = (
				en,
				Base,
			);
			mainGroup = 757C333A2B4313F70065C370;
			productRefGroup = 757C33442B4313F70065C370 /* Products */;
			projectDirPath = "";
			projectRoot = "";
			targets = (
				757C33422B4313F70065C370 /* Challenge1 */,
			);
		};
/* End PBXProject section */

/* Begin PBXResourcesBuildPhase section */
		757C33412B4313F70065C370 /* Resources */ = {
			isa = PBXResourcesBuildPhase;
			buildActionMask = 2147483647;
			files = (
				757C33B32B431A4E0065C370 /* nigeria.png in Resources */,
				757C33532B4313F80065C370 /* LaunchScreen.storyboard in Resources */,
				757C33A82B431A4E0065C370 /* russia.png in Resources */,
				757C33502B4313F80065C370 /* Assets.xcassets in Resources */,
				757C33B52B431A4E0065C370 /* uk.png in Resources */,
				757C33AA2B431A4E0065C370 /* monaco.png in Resources */,
				757C33AD2B431A4E0065C370 /* poland.png in Resources */,
				757C33B22B431A4E0065C370 /* italy.png in Resources */,
				757C33B02B431A4E0065C370 /* us.png in Resources */,
				757C33AF2B431A4E0065C370 /* spain.png in Resources */,
				757C33AE2B431A4E0065C370 /* ireland.png in Resources */,
				757C334E2B4313F70065C370 /* Main.storyboard in Resources */,
			);
			runOnlyForDeploymentPostprocessing = 0;
		};
/* End PBXResourcesBuildPhase section */

/* Begin PBXSourcesBuildPhase section */
		757C333F2B4313F70065C370 /* Sources */ = {
			isa = PBXSourcesBuildPhase;
			buildActionMask = 2147483647;
			files = (
				757C334B2B4313F70065C370 /* ViewController.swift in Sources */,
				757C33472B4313F70065C370 /* AppDelegate.swift in Sources */,
				757C33492B4313F70065C370 /* SceneDelegate.swift in Sources */,
				757C33BB2B431ADD0065C370 /* DetailViewController.swift in Sources */,
			);
			runOnlyForDeploymentPostprocessing = 0;
		};
/* End PBXSourcesBuildPhase section */

/* Begin PBXVariantGroup section */
		757C334C2B4313F70065C370 /* Main.storyboard */ = {
			isa = PBXVariantGroup;
			children = (
				757C334D2B4313F70065C370 /* Base */,
			);
			name = Main.storyboard;
			sourceTree = "<group>";
		};
		757C33512B4313F80065C370 /* LaunchScreen.storyboard */ = {
			isa = PBXVariantGroup;
			children = (
				757C33522B4313F80065C370 /* Base */,
			);
			name = LaunchScreen.storyboard;
			sourceTree = "<group>";
		};
/* End PBXVariantGroup section */

/* Begin XCBuildConfiguration section */
		757C33552B4313F80065C370 /* Debug */ = {
			isa = XCBuildConfiguration;
			buildSettings = {
				ALWAYS_SEARCH_USER_PATHS = NO;
				ASSETCATALOG_COMPILER_GENERATE_SWIFT_ASSET_SYMBOL_EXTENSIONS = YES;
				CLANG_ANALYZER_NONNULL = YES;
				CLANG_ANALYZER_NUMBER_OBJECT_CONVERSION = YES_AGGRESSIVE;
				CLANG_CXX_LANGUAGE_STANDARD = "gnu++20";
				CLANG_ENABLE_MODULES = YES;
				CLANG_ENABLE_OBJC_ARC = YES;
				CLANG_ENABLE_OBJC_WEAK = YES;
				CLANG_WARN_BLOCK_CAPTURE_AUTORELEASING = YES;
				CLANG_WARN_BOOL_CONVERSION = YES;
				CLANG_WARN_COMMA = YES;
				CLANG_WARN_CONSTANT_CONVERSION = YES;
				CLANG_WARN_DEPRECATED_OBJC_IMPLEMENTATIONS = YES;
				CLANG_WARN_DIRECT_OBJC_ISA_USAGE = YES_ERROR;
				CLANG_WARN_DOCUMENTATION_COMMENTS = YES;
				CLANG_WARN_EMPTY_BODY = YES;
				CLANG_WARN_ENUM_CONVERSION = YES;
				CLANG_WARN_INFINITE_RECURSION = YES;
				CLANG_WARN_INT_CONVERSION = YES;
				CLANG_WARN_NON_LITERAL_NULL_CONVERSION = YES;
				CLANG_WARN_OBJC_IMPLICIT_RETAIN_SELF = YES;
				CLANG_WARN_OBJC_LITERAL_CONVERSION = YES;
				CLANG_WARN_OBJC_ROOT_CLASS = YES_ERROR;
				CLANG_WARN_QUOTED_INCLUDE_IN_FRAMEWORK_HEADER = YES;
				CLANG_WARN_RANGE_LOOP_ANALYSIS = YES;
				CLANG_WARN_STRICT_PROTOTYPES = YES;
				CLANG_WARN_SUSPICIOUS_MOVE = YES;
				CLANG_WARN_UNGUARDED_AVAILABILITY = YES_AGGRESSIVE;
				CLANG_WARN_UNREACHABLE_CODE = YES;
				CLANG_WARN__DUPLICATE_METHOD_MATCH = YES;
				COPY_PHASE_STRIP = NO;
				DEBUG_INFORMATION_FORMAT = dwarf;
				ENABLE_STRICT_OBJC_MSGSEND = YES;
				ENABLE_TESTABILITY = YES;
				ENABLE_USER_SCRIPT_SANDBOXING = YES;
				GCC_C_LANGUAGE_STANDARD = gnu17;
				GCC_DYNAMIC_NO_PIC = NO;
				GCC_NO_COMMON_BLOCKS = YES;
				GCC_OPTIMIZATION_LEVEL = 0;
				GCC_PREPROCESSOR_DEFINITIONS = (
					"DEBUG=1",
					"$(inherited)",
				);
				GCC_WARN_64_TO_32_BIT_CONVERSION = YES;
				GCC_WARN_ABOUT_RETURN_TYPE = YES_ERROR;
				GCC_WARN_UNDECLARED_SELECTOR = YES;
				GCC_WARN_UNINITIALIZED_AUTOS = YES_AGGRESSIVE;
				GCC_WARN_UNUSED_FUNCTION = YES;
				GCC_WARN_UNUSED_VARIABLE = YES;
				IPHONEOS_DEPLOYMENT_TARGET = 17.2;
				LOCALIZATION_PREFERS_STRING_CATALOGS = YES;
				MTL_ENABLE_DEBUG_INFO = INCLUDE_SOURCE;
				MTL_FAST_MATH = YES;
				ONLY_ACTIVE_ARCH = YES;
				SDKROOT = iphoneos;
				SWIFT_ACTIVE_COMPILATION_CONDITIONS = "DEBUG $(inherited)";
				SWIFT_OPTIMIZATION_LEVEL = "-Onone";
			};
			name = Debug;
		};
		757C33562B4313F80065C370 /* Release */ = {
			isa = XCBuildConfiguration;
			buildSettings = {
				ALWAYS_SEARCH_USER_PATHS = NO;
				ASSETCATALOG_COMPILER_GENERATE_SWIFT_ASSET_SYMBOL_EXTENSIONS = YES;
				CLANG_ANALYZER_NONNULL = YES;
				CLANG_ANALYZER_NUMBER_OBJECT_CONVERSION = YES_AGGRESSIVE;
				CLANG_CXX_LANGUAGE_STANDARD = "gnu++20";
				CLANG_ENABLE_MODULES = YES;
				CLANG_ENABLE_OBJC_ARC = YES;
				CLANG_ENABLE_OBJC_WEAK = YES;
				CLANG_WARN_BLOCK_CAPTURE_AUTORELEASING = YES;
				CLANG_WARN_BOOL_CONVERSION = YES;
				CLANG_WARN_COMMA = YES;
				CLANG_WARN_CONSTANT_CONVERSION = YES;
				CLANG_WARN_DEPRECATED_OBJC_IMPLEMENTATIONS = YES;
				CLANG_WARN_DIRECT_OBJC_ISA_USAGE = YES_ERROR;
				CLANG_WARN_DOCUMENTATION_COMMENTS = YES;
				CLANG_WARN_EMPTY_BODY = YES;
				CLANG_WARN_ENUM_CONVERSION = YES;
				CLANG_WARN_INFINITE_RECURSION = YES;
				CLANG_WARN_INT_CONVERSION = YES;
				CLANG_WARN_NON_LITERAL_NULL_CONVERSION = YES;
				CLANG_WARN_OBJC_IMPLICIT_RETAIN_SELF = YES;
				CLANG_WARN_OBJC_LITERAL_CONVERSION = YES;
				CLANG_WARN_OBJC_ROOT_CLASS = YES_ERROR;
				CLANG_WARN_QUOTED_INCLUDE_IN_FRAMEWORK_HEADER = YES;
				CLANG_WARN_RANGE_LOOP_ANALYSIS = YES;
				CLANG_WARN_STRICT_PROTOTYPES = YES;
				CLANG_WARN_SUSPICIOUS_MOVE = YES;
				CLANG_WARN_UNGUARDED_AVAILABILITY = YES_AGGRESSIVE;
				CLANG_WARN_UNREACHABLE_CODE = YES;
				CLANG_WARN__DUPLICATE_METHOD_MATCH = YES;
				COPY_PHASE_STRIP = NO;
				DEBUG_INFORMATION_FORMAT = "dwarf-with-dsym";
				ENABLE_NS_ASSERTIONS = NO;
				ENABLE_STRICT_OBJC_MSGSEND = YES;
				ENABLE_USER_SCRIPT_SANDBOXING = YES;
				GCC_C_LANGUAGE_STANDARD = gnu17;
				GCC_NO_COMMON_BLOCKS = YES;
				GCC_WARN_64_TO_32_BIT_CONVERSION = YES;
				GCC_WARN_ABOUT_RETURN_TYPE = YES_ERROR;
				GCC_WARN_UNDECLARED_SELECTOR = YES;
				GCC_WARN_UNINITIALIZED_AUTOS = YES_AGGRESSIVE;
				GCC_WARN_UNUSED_FUNCTION = YES;
				GCC_WARN_UNUSED_VARIABLE = YES;
				IPHONEOS_DEPLOYMENT_TARGET = 17.2;
				LOCALIZATION_PREFERS_STRING_CATALOGS = YES;
				MTL_ENABLE_DEBUG_INFO = NO;
				MTL_FAST_MATH = YES;
				SDKROOT = iphoneos;
				SWIFT_COMPILATION_MODE = wholemodule;
				VALIDATE_PRODUCT = YES;
			};
			name = Release;
		};
		757C33582B4313F80065C370 /* Debug */ = {
			isa = XCBuildConfiguration;
			buildSettings = {
				ASSETCATALOG_COMPILER_APPICON_NAME = AppIcon;
				ASSETCATALOG_COMPILER_GLOBAL_ACCENT_COLOR_NAME = AccentColor;
				CODE_SIGN_STYLE = Automatic;
				CURRENT_PROJECT_VERSION = 1;
				DEVELOPMENT_TEAM = JMJM53PGNF;
				GENERATE_INFOPLIST_FILE = YES;
				INFOPLIST_FILE = Challenge1/Info.plist;
				INFOPLIST_KEY_UIApplicationSupportsIndirectInputEvents = YES;
				INFOPLIST_KEY_UILaunchStoryboardName = LaunchScreen;
				INFOPLIST_KEY_UIMainStoryboardFile = Main;
				INFOPLIST_KEY_UISupportedInterfaceOrientations_iPad = "UIInterfaceOrientationPortrait UIInterfaceOrientationPortraitUpsideDown UIInterfaceOrientationLandscapeLeft UIInterfaceOrientationLandscapeRight";
				INFOPLIST_KEY_UISupportedInterfaceOrientations_iPhone = "UIInterfaceOrientationPortrait UIInterfaceOrientationLandscapeLeft UIInterfaceOrientationLandscapeRight";
				IPHONEOS_DEPLOYMENT_TARGET = 17.1;
				LD_RUNPATH_SEARCH_PATHS = (
					"$(inherited)",
					"@executable_path/Frameworks",
				);
				MARKETING_VERSION = 1.0;
				PRODUCT_BUNDLE_IDENTIFIER = dev.ziterz.Challenge1;
				PRODUCT_NAME = "$(TARGET_NAME)";
				SWIFT_EMIT_LOC_STRINGS = YES;
				SWIFT_VERSION = 5.0;
				TARGETED_DEVICE_FAMILY = "1,2";
			};
			name = Debug;
		};
		757C33592B4313F80065C370 /* Release */ = {
			isa = XCBuildConfiguration;
			buildSettings = {
				ASSETCATALOG_COMPILER_APPICON_NAME = AppIcon;
				ASSETCATALOG_COMPILER_GLOBAL_ACCENT_COLOR_NAME = AccentColor;
				CODE_SIGN_STYLE = Automatic;
				CURRENT_PROJECT_VERSION = 1;
				DEVELOPMENT_TEAM = JMJM53PGNF;
				GENERATE_INFOPLIST_FILE = YES;
				INFOPLIST_FILE = Challenge1/Info.plist;
				INFOPLIST_KEY_UIApplicationSupportsIndirectInputEvents = YES;
				INFOPLIST_KEY_UILaunchStoryboardName = LaunchScreen;
				INFOPLIST_KEY_UIMainStoryboardFile = Main;
				INFOPLIST_KEY_UISupportedInterfaceOrientations_iPad = "UIInterfaceOrientationPortrait UIInterfaceOrientationPortraitUpsideDown UIInterfaceOrientationLandscapeLeft UIInterfaceOrientationLandscapeRight";
				INFOPLIST_KEY_UISupportedInterfaceOrientations_iPhone = "UIInterfaceOrientationPortrait UIInterfaceOrientationLandscapeLeft UIInterfaceOrientationLandscapeRight";
				IPHONEOS_DEPLOYMENT_TARGET = 17.1;
				LD_RUNPATH_SEARCH_PATHS = (
					"$(inherited)",
					"@executable_path/Frameworks",
				);
				MARKETING_VERSION = 1.0;
				PRODUCT_BUNDLE_IDENTIFIER = dev.ziterz.Challenge1;
				PRODUCT_NAME = "$(TARGET_NAME)";
				SWIFT_EMIT_LOC_STRINGS = YES;
				SWIFT_VERSION = 5.0;
				TARGETED_DEVICE_FAMILY = "1,2";
			};
			name = Release;
		};
/* End XCBuildConfiguration section */

/* Begin XCConfigurationList section */
		757C333E2B4313F70065C370 /* Build configuration list for PBXProject "Challenge1" */ = {
			isa = XCConfigurationList;
			buildConfigurations = (
				757C33552B4313F80065C370 /* Debug */,
				757C33562B4313F80065C370 /* Release */,
			);
			defaultConfigurationIsVisible = 0;
			defaultConfigurationName = Release;
		};
		757C33572B4313F80065C370 /* Build configuration list for PBXNativeTarget "Challenge1" */ = {
			isa = XCConfigurationList;
			buildConfigurations = (
				757C33582B4313F80065C370 /* Debug */,
				757C33592B4313F80065C370 /* Release */,
			);
			defaultConfigurationIsVisible = 0;
			defaultConfigurationName = Release;
		};
/* End XCConfigurationList section */
	};
	rootObject = 757C333B2B4313F70065C370 /* Project object */;
}
